
Microsoft Visual Studio Solution File, Format Version 12.00
# Visual Studio Version 17
VisualStudioVersion = 17.9.34616.47
MinimumVisualStudioVersion = 10.0.40219.1
Project("{FAE04EC0-301F-11D3-BF4B-00C04F79EFBC}") = "WebProjekt_Karamatic", "WebProjekt_Karamatic\WebProjekt_Karamatic.csproj", "{041AC4B2-24E3-496F-8039-01F09412D8F0}"
EndProject
Global
	GlobalSection(SolutionConfigurationPlatforms) = preSolution
		Debug|Any CPU = Debug|Any CPU
		Release|Any CPU = Release|Any CPU
	EndGlobalSection
	GlobalSection(ProjectConfigurationPlatforms) = postSolution
		{041AC4B2-24E3-496F-8039-01F09412D8F0}.Debug|Any CPU.ActiveCfg = Debug|Any CPU
		{041AC4B2-24E3-496F-8039-01F09412D8F0}.Debug|Any CPU.Build.0 = Debug|Any CPU
		{041AC4B2-24E3-496F-8039-01F09412D8F0}.Release|Any CPU.ActiveCfg = Release|Any CPU
		{041AC4B2-24E3-496F-8039-01F09412D8F0}.Release|Any CPU.Build.0 = Release|Any CPU
	EndGlobalSection
	GlobalSection(SolutionProperties) = preSolution
		HideSolutionNode = FALSE
	EndGlobalSection
	GlobalSection(ExtensibilityGlobals) = postSolution
		SolutionGuid = {177F9DA3-8BC0-426B-9F6C-1832F3BB76F7}
	EndGlobalSection
EndGlobal
